
Microsoft Visual Studio Solution File, Format Version 12.00
# Visual Studio 2012
Project("{E24C65DC-7377-472B-9ABA-BC803B73C61A}") = "FullScreenBackground", ".", "{2CBCFBAA-C82D-4623-8588-14B02B1C30DE}"
	ProjectSection(WebsiteProperties) = preProject
		TargetFrameworkMoniker = ".NETFramework,Version%3Dv4.0"
		Debug.AspNetCompiler.VirtualPath = "/FullScreenBackground"
		Debug.AspNetCompiler.PhysicalPath = "..\..\..\GitHub\FullScreenBackground\"
		Debug.AspNetCompiler.TargetPath = "PrecompiledWeb\FullScreenBackground\"
		Debug.AspNetCompiler.Updateable = "true"
		Debug.AspNetCompiler.ForceOverwrite = "true"
		Debug.AspNetCompiler.FixedNames = "false"
		Debug.AspNetCompiler.Debug = "True"
		Release.AspNetCompiler.VirtualPath = "/FullScreenBackground"
		Release.AspNetCompiler.PhysicalPath = "..\..\..\GitHub\FullScreenBackground\"
		Release.AspNetCompiler.TargetPath = "PrecompiledWeb\FullScreenBackground\"
		Release.AspNetCompiler.Updateable = "true"
		Release.AspNetCompiler.ForceOverwrite = "true"
		Release.AspNetCompiler.FixedNames = "false"
		Release.AspNetCompiler.Debug = "False"
		VWDPort = "59801"
	EndProjectSection
EndProject
Global
	GlobalSection(SolutionConfigurationPlatforms) = preSolution
		Debug|Any CPU = Debug|Any CPU
	EndGlobalSection
	GlobalSection(ProjectConfigurationPlatforms) = postSolution
		{2CBCFBAA-C82D-4623-8588-14B02B1C30DE}.Debug|Any CPU.ActiveCfg = Debug|Any CPU
		{2CBCFBAA-C82D-4623-8588-14B02B1C30DE}.Debug|Any CPU.Build.0 = Debug|Any CPU
	EndGlobalSection
	GlobalSection(SolutionProperties) = preSolution
		HideSolutionNode = FALSE
	EndGlobalSection
EndGlobal
